
Microsoft Visual Studio Solution File, Format Version 10.00
# Visual Studio 2008
Project("{FAE04EC0-301F-11D3-BF4B-00C04F79EFBC}") = "CastleActiveRecordDemo.Models", "CastleActiveRecordDemo.Models\CastleActiveRecordDemo.Models.csproj", "{637DF47F-B407-4E96-B027-F3AECEBDFB37}"
EndProject
Project("{FAE04EC0-301F-11D3-BF4B-00C04F79EFBC}") = "CslaDemo.BLL", "CslaDemo.BLL\CslaDemo.BLL.csproj", "{908F9B89-8748-4E29-BAF8-D0E0EE9C5738}"
EndProject
Project("{FAE04EC0-301F-11D3-BF4B-00C04F79EFBC}") = "Csla", "..\..\Development Resources\Frameworks\CSLA.NET\cslacs-3.8.4-100811\cslacs\Csla\Csla.csproj", "{9DA591ED-C570-47AC-8E5D-35B039E07973}"
EndProject
Project("{FAE04EC0-301F-11D3-BF4B-00C04F79EFBC}") = "CslaDemo.App", "CslaDemo.App\CslaDemo.App.csproj", "{5A1722B7-3F70-42B9-9932-6C1328D85C53}"
EndProject
Project("{FAE04EC0-301F-11D3-BF4B-00C04F79EFBC}") = "CslaDemo.Common", "CslaDemo.Common\CslaDemo.Common.csproj", "{D375BDFE-8878-4F56-BBE4-B1CC63C79CB9}"
EndProject
Project("{FAE04EC0-301F-11D3-BF4B-00C04F79EFBC}") = "CslaDemo.Entities", "CslaDemo.Entities\CslaDemo.Entities.csproj", "{C9F8C37E-5918-4D98-8EB4-DF53CE2A173D}"
EndProject
Project("{FAE04EC0-301F-11D3-BF4B-00C04F79EFBC}") = "CslaDemo.DefaultImpl", "CslaDemo.DefaultImpl\CslaDemo.DefaultImpl.csproj", "{E2B13781-468C-49CE-B4A7-916E97ADB234}"
EndProject
Project("{2150E333-8FDC-42A3-9474-1A3956D46DE8}") = "DefaultImpl", "DefaultImpl", "{2F57856E-11CC-43B0-9986-8243CFF80F8A}"
EndProject
Project("{2150E333-8FDC-42A3-9474-1A3956D46DE8}") = "CastleActiveRecordImpl", "CastleActiveRecordImpl", "{A9359A9A-7059-4917-A4C7-B3EFD5CADE8D}"
EndProject
Project("{FAE04EC0-301F-11D3-BF4B-00C04F79EFBC}") = "CslaDemo.CastleActiveRecordImpl", "CslaDemo.CastleActiveRecordImpl\CslaDemo.CastleActiveRecordImpl.csproj", "{1B9DA027-2F94-4C2C-8C32-D9013245395B}"
EndProject
Project("{2150E333-8FDC-42A3-9474-1A3956D46DE8}") = "App", "App", "{05174285-EFD0-444C-9337-4BB00A59B415}"
EndProject
Project("{FAE04EC0-301F-11D3-BF4B-00C04F79EFBC}") = "CslaDemo.CastleActiveRecordImpl.TestApp", "CslaDemo.CastleActiveRecordImpl.TestApp\CslaDemo.CastleActiveRecordImpl.TestApp.csproj", "{348CFA65-E201-457C-8760-19880551B703}"
EndProject
Project("{FAE04EC0-301F-11D3-BF4B-00C04F79EFBC}") = "CslaDemo.CastleActiveRecordImpl.Repositories", "CslaDemo.CastleActiveRecordImpl.Repositories\CslaDemo.CastleActiveRecordImpl.Repositories.csproj", "{2947E81A-DAC7-4E90-B16E-068FC4D8D9CC}"
EndProject
Project("{FAE04EC0-301F-11D3-BF4B-00C04F79EFBC}") = "CslaDemo.ContainerServices", "CslaDemo.ContainerServices\CslaDemo.ContainerServices.csproj", "{2411B12B-148F-4448-A650-0FC17BC09C80}"
EndProject
Project("{FAE04EC0-301F-11D3-BF4B-00C04F79EFBC}") = "App.Helpers", "App.Helpers\App.Helpers.csproj", "{E5ECE102-A5B5-4F47-8961-6C413E806C8F}"
EndProject
Global
	GlobalSection(SolutionConfigurationPlatforms) = preSolution
		Debug|Any CPU = Debug|Any CPU
		Release|Any CPU = Release|Any CPU
		Testing|Any CPU = Testing|Any CPU
	EndGlobalSection
	GlobalSection(ProjectConfigurationPlatforms) = postSolution
		{637DF47F-B407-4E96-B027-F3AECEBDFB37}.Debug|Any CPU.ActiveCfg = Debug|Any CPU
		{637DF47F-B407-4E96-B027-F3AECEBDFB37}.Debug|Any CPU.Build.0 = Debug|Any CPU
		{637DF47F-B407-4E96-B027-F3AECEBDFB37}.Release|Any CPU.ActiveCfg = Release|Any CPU
		{637DF47F-B407-4E96-B027-F3AECEBDFB37}.Release|Any CPU.Build.0 = Release|Any CPU
		{637DF47F-B407-4E96-B027-F3AECEBDFB37}.Testing|Any CPU.ActiveCfg = Release|Any CPU
		{637DF47F-B407-4E96-B027-F3AECEBDFB37}.Testing|Any CPU.Build.0 = Release|Any CPU
		{908F9B89-8748-4E29-BAF8-D0E0EE9C5738}.Debug|Any CPU.ActiveCfg = Debug|Any CPU
		{908F9B89-8748-4E29-BAF8-D0E0EE9C5738}.Debug|Any CPU.Build.0 = Debug|Any CPU
		{908F9B89-8748-4E29-BAF8-D0E0EE9C5738}.Release|Any CPU.ActiveCfg = Release|Any CPU
		{908F9B89-8748-4E29-BAF8-D0E0EE9C5738}.Release|Any CPU.Build.0 = Release|Any CPU
		{908F9B89-8748-4E29-BAF8-D0E0EE9C5738}.Testing|Any CPU.ActiveCfg = Release|Any CPU
		{908F9B89-8748-4E29-BAF8-D0E0EE9C5738}.Testing|Any CPU.Build.0 = Release|Any CPU
		{9DA591ED-C570-47AC-8E5D-35B039E07973}.Debug|Any CPU.ActiveCfg = Debug|Any CPU
		{9DA591ED-C570-47AC-8E5D-35B039E07973}.Debug|Any CPU.Build.0 = Debug|Any CPU
		{9DA591ED-C570-47AC-8E5D-35B039E07973}.Release|Any CPU.ActiveCfg = Release|Any CPU
		{9DA591ED-C570-47AC-8E5D-35B039E07973}.Release|Any CPU.Build.0 = Release|Any CPU
		{9DA591ED-C570-47AC-8E5D-35B039E07973}.Testing|Any CPU.ActiveCfg = Testing|Any CPU
		{9DA591ED-C570-47AC-8E5D-35B039E07973}.Testing|Any CPU.Build.0 = Testing|Any CPU
		{5A1722B7-3F70-42B9-9932-6C1328D85C53}.Debug|Any CPU.ActiveCfg = Debug|Any CPU
		{5A1722B7-3F70-42B9-9932-6C1328D85C53}.Debug|Any CPU.Build.0 = Debug|Any CPU
		{5A1722B7-3F70-42B9-9932-6C1328D85C53}.Release|Any CPU.ActiveCfg = Release|Any CPU
		{5A1722B7-3F70-42B9-9932-6C1328D85C53}.Release|Any CPU.Build.0 = Release|Any CPU
		{5A1722B7-3F70-42B9-9932-6C1328D85C53}.Testing|Any CPU.ActiveCfg = Release|Any CPU
		{5A1722B7-3F70-42B9-9932-6C1328D85C53}.Testing|Any CPU.Build.0 = Release|Any CPU
		{D375BDFE-8878-4F56-BBE4-B1CC63C79CB9}.Debug|Any CPU.ActiveCfg = Debug|Any CPU
		{D375BDFE-8878-4F56-BBE4-B1CC63C79CB9}.Debug|Any CPU.Build.0 = Debug|Any CPU
		{D375BDFE-8878-4F56-BBE4-B1CC63C79CB9}.Release|Any CPU.ActiveCfg = Release|Any CPU
		{D375BDFE-8878-4F56-BBE4-B1CC63C79CB9}.Release|Any CPU.Build.0 = Release|Any CPU
		{D375BDFE-8878-4F56-BBE4-B1CC63C79CB9}.Testing|Any CPU.ActiveCfg = Release|Any CPU
		{D375BDFE-8878-4F56-BBE4-B1CC63C79CB9}.Testing|Any CPU.Build.0 = Release|Any CPU
		{C9F8C37E-5918-4D98-8EB4-DF53CE2A173D}.Debug|Any CPU.ActiveCfg = Debug|Any CPU
		{C9F8C37E-5918-4D98-8EB4-DF53CE2A173D}.Debug|Any CPU.Build.0 = Debug|Any CPU
		{C9F8C37E-5918-4D98-8EB4-DF53CE2A173D}.Release|Any CPU.ActiveCfg = Release|Any CPU
		{C9F8C37E-5918-4D98-8EB4-DF53CE2A173D}.Release|Any CPU.Build.0 = Release|Any CPU
		{C9F8C37E-5918-4D98-8EB4-DF53CE2A173D}.Testing|Any CPU.ActiveCfg = Release|Any CPU
		{C9F8C37E-5918-4D98-8EB4-DF53CE2A173D}.Testing|Any CPU.Build.0 = Release|Any CPU
		{E2B13781-468C-49CE-B4A7-916E97ADB234}.Debug|Any CPU.ActiveCfg = Debug|Any CPU
		{E2B13781-468C-49CE-B4A7-916E97ADB234}.Debug|Any CPU.Build.0 = Debug|Any CPU
		{E2B13781-468C-49CE-B4A7-916E97ADB234}.Release|Any CPU.ActiveCfg = Release|Any CPU
		{E2B13781-468C-49CE-B4A7-916E97ADB234}.Release|Any CPU.Build.0 = Release|Any CPU
		{E2B13781-468C-49CE-B4A7-916E97ADB234}.Testing|Any CPU.ActiveCfg = Release|Any CPU
		{E2B13781-468C-49CE-B4A7-916E97ADB234}.Testing|Any CPU.Build.0 = Release|Any CPU
		{1B9DA027-2F94-4C2C-8C32-D9013245395B}.Debug|Any CPU.ActiveCfg = Debug|Any CPU
		{1B9DA027-2F94-4C2C-8C32-D9013245395B}.Debug|Any CPU.Build.0 = Debug|Any CPU
		{1B9DA027-2F94-4C2C-8C32-D9013245395B}.Release|Any CPU.ActiveCfg = Release|Any CPU
		{1B9DA027-2F94-4C2C-8C32-D9013245395B}.Release|Any CPU.Build.0 = Release|Any CPU
		{1B9DA027-2F94-4C2C-8C32-D9013245395B}.Testing|Any CPU.ActiveCfg = Release|Any CPU
		{1B9DA027-2F94-4C2C-8C32-D9013245395B}.Testing|Any CPU.Build.0 = Release|Any CPU
		{348CFA65-E201-457C-8760-19880551B703}.Debug|Any CPU.ActiveCfg = Debug|Any CPU
		{348CFA65-E201-457C-8760-19880551B703}.Debug|Any CPU.Build.0 = Debug|Any CPU
		{348CFA65-E201-457C-8760-19880551B703}.Release|Any CPU.ActiveCfg = Release|Any CPU
		{348CFA65-E201-457C-8760-19880551B703}.Release|Any CPU.Build.0 = Release|Any CPU
		{348CFA65-E201-457C-8760-19880551B703}.Testing|Any CPU.ActiveCfg = Release|Any CPU
		{348CFA65-E201-457C-8760-19880551B703}.Testing|Any CPU.Build.0 = Release|Any CPU
		{2947E81A-DAC7-4E90-B16E-068FC4D8D9CC}.Debug|Any CPU.ActiveCfg = Debug|Any CPU
		{2947E81A-DAC7-4E90-B16E-068FC4D8D9CC}.Debug|Any CPU.Build.0 = Debug|Any CPU
		{2947E81A-DAC7-4E90-B16E-068FC4D8D9CC}.Release|Any CPU.ActiveCfg = Release|Any CPU
		{2947E81A-DAC7-4E90-B16E-068FC4D8D9CC}.Release|Any CPU.Build.0 = Release|Any CPU
		{2947E81A-DAC7-4E90-B16E-068FC4D8D9CC}.Testing|Any CPU.ActiveCfg = Release|Any CPU
		{2947E81A-DAC7-4E90-B16E-068FC4D8D9CC}.Testing|Any CPU.Build.0 = Release|Any CPU
		{2411B12B-148F-4448-A650-0FC17BC09C80}.Debug|Any CPU.ActiveCfg = Debug|Any CPU
		{2411B12B-148F-4448-A650-0FC17BC09C80}.Debug|Any CPU.Build.0 = Debug|Any CPU
		{2411B12B-148F-4448-A650-0FC17BC09C80}.Release|Any CPU.ActiveCfg = Release|Any CPU
		{2411B12B-148F-4448-A650-0FC17BC09C80}.Release|Any CPU.Build.0 = Release|Any CPU
		{2411B12B-148F-4448-A650-0FC17BC09C80}.Testing|Any CPU.ActiveCfg = Release|Any CPU
		{2411B12B-148F-4448-A650-0FC17BC09C80}.Testing|Any CPU.Build.0 = Release|Any CPU
		{E5ECE102-A5B5-4F47-8961-6C413E806C8F}.Debug|Any CPU.ActiveCfg = Debug|Any CPU
		{E5ECE102-A5B5-4F47-8961-6C413E806C8F}.Debug|Any CPU.Build.0 = Debug|Any CPU
		{E5ECE102-A5B5-4F47-8961-6C413E806C8F}.Release|Any CPU.ActiveCfg = Release|Any CPU
		{E5ECE102-A5B5-4F47-8961-6C413E806C8F}.Release|Any CPU.Build.0 = Release|Any CPU
		{E5ECE102-A5B5-4F47-8961-6C413E806C8F}.Testing|Any CPU.ActiveCfg = Release|Any CPU
		{E5ECE102-A5B5-4F47-8961-6C413E806C8F}.Testing|Any CPU.Build.0 = Release|Any CPU
	EndGlobalSection
	GlobalSection(SolutionProperties) = preSolution
		HideSolutionNode = FALSE
	EndGlobalSection
	GlobalSection(NestedProjects) = preSolution
		{9DA591ED-C570-47AC-8E5D-35B039E07973} = {2F57856E-11CC-43B0-9986-8243CFF80F8A}
		{E2B13781-468C-49CE-B4A7-916E97ADB234} = {2F57856E-11CC-43B0-9986-8243CFF80F8A}
		{908F9B89-8748-4E29-BAF8-D0E0EE9C5738} = {2F57856E-11CC-43B0-9986-8243CFF80F8A}
		{D375BDFE-8878-4F56-BBE4-B1CC63C79CB9} = {05174285-EFD0-444C-9337-4BB00A59B415}
		{C9F8C37E-5918-4D98-8EB4-DF53CE2A173D} = {05174285-EFD0-444C-9337-4BB00A59B415}
		{5A1722B7-3F70-42B9-9932-6C1328D85C53} = {05174285-EFD0-444C-9337-4BB00A59B415}
		{2411B12B-148F-4448-A650-0FC17BC09C80} = {05174285-EFD0-444C-9337-4BB00A59B415}
		{E5ECE102-A5B5-4F47-8961-6C413E806C8F} = {05174285-EFD0-444C-9337-4BB00A59B415}
		{1B9DA027-2F94-4C2C-8C32-D9013245395B} = {A9359A9A-7059-4917-A4C7-B3EFD5CADE8D}
		{348CFA65-E201-457C-8760-19880551B703} = {A9359A9A-7059-4917-A4C7-B3EFD5CADE8D}
		{2947E81A-DAC7-4E90-B16E-068FC4D8D9CC} = {A9359A9A-7059-4917-A4C7-B3EFD5CADE8D}
	EndGlobalSection
EndGlobal
